# This file is automatically @generated by Poetry 1.8.5 and should not be changed by hand.

[[package]]
name = "protobuf"
version = "5.29.2"
description = ""
optional = false
python-versions = ">=3.8"
files = [
    {file = "protobuf-5.29.2-cp310-abi3-win32.whl", hash = "sha256:c12ba8249f5624300cf51c3d0bfe5be71a60c63e4dcf51ffe9a68771d958c851"},
    {file = "protobuf-5.29.2-cp310-abi3-win_amd64.whl", hash = "sha256:842de6d9241134a973aab719ab42b008a18a90f9f07f06ba480df268f86432f9"},
    {file = "protobuf-5.29.2-cp38-abi3-macosx_10_9_universal2.whl", hash = "sha256:a0c53d78383c851bfa97eb42e3703aefdc96d2036a41482ffd55dc5f529466eb"},
    {file = "protobuf-5.29.2-cp38-abi3-manylinux2014_aarch64.whl", hash = "sha256:494229ecd8c9009dd71eda5fd57528395d1eacdf307dbece6c12ad0dd09e912e"},
    {file = "protobuf-5.29.2-cp38-abi3-manylinux2014_x86_64.whl", hash = "sha256:b6b0d416bbbb9d4fbf9d0561dbfc4e324fd522f61f7af0fe0f282ab67b22477e"},
    {file = "protobuf-5.29.2-cp38-cp38-win32.whl", hash = "sha256:e621a98c0201a7c8afe89d9646859859be97cb22b8bf1d8eacfd90d5bda2eb19"},
    {file = "protobuf-5.29.2-cp38-cp38-win_amd64.whl", hash = "sha256:13d6d617a2a9e0e82a88113d7191a1baa1e42c2cc6f5f1398d3b054c8e7e714a"},
    {file = "protobuf-5.29.2-cp39-cp39-win32.whl", hash = "sha256:36000f97ea1e76e8398a3f02936aac2a5d2b111aae9920ec1b769fc4a222c4d9"},
    {file = "protobuf-5.29.2-cp39-cp39-win_amd64.whl", hash = "sha256:2d2e674c58a06311c8e99e74be43e7f3a8d1e2b2fdf845eaa347fbd866f23355"},
    {file = "protobuf-5.29.2-py3-none-any.whl", hash = "sha256:fde4554c0e578a5a0bcc9a276339594848d1e89f9ea47b4427c80e5d72f90181"},
    {file = "protobuf-5.29.2.tar.gz", hash = "sha256:b2cc8e8bb7c9326996f0e160137b0861f1a82162502658df2951209d0cb0309e"},
]

[[package]]
name = "temporalio"
version = "1.9.0"
description = "Temporal.io Python SDK"
optional = false
python-versions = "<4.0,>=3.8"
files = [
    {file = "temporalio-1.9.0-cp38-abi3-macosx_10_9_x86_64.whl", hash = "sha256:ee941702e8925e2c018b5c2d7b296f811205043654d7f9c4564d7fa6597f1989"},
    {file = "temporalio-1.9.0-cp38-abi3-macosx_11_0_arm64.whl", hash = "sha256:101040090238d97b61d769e009f732409894d8f26596a3827662f2dde2862097"},
    {file = "temporalio-1.9.0-cp38-abi3-manylinux2014_aarch64.manylinux_2_17_aarch64.whl", hash = "sha256:91f49b81823f8f44819cc48da0b730175acd793dc428e451e1824b48a4e41465"},
    {file = "temporalio-1.9.0-cp38-abi3-manylinux2014_x86_64.manylinux_2_17_x86_64.whl", hash = "sha256:f516ae152935ec16afb65b7555486f161b427eaa4b411e945063e31da1a644eb"},
    {file = "temporalio-1.9.0-cp38-abi3-win_amd64.whl", hash = "sha256:254267109e8e5cb3fa35b4719fdde5ec114b264f3b030ab5be6a69f697acdc5e"},
    {file = "temporalio-1.9.0.tar.gz", hash = "sha256:932b56720a20401f333ffdaea157cc64d0f9d615a2fd16358bee56d9491bff77"},
]

[package.dependencies]
protobuf = ">=3.20"
types-protobuf = ">=3.20"
typing-extensions = ">=4.2.0,<5.0.0"

[package.extras]
grpc = ["grpcio (>=1.59.0,<2.0.0)"]
opentelemetry = ["opentelemetry-api (>=1.11.1,<2.0.0)", "opentelemetry-sdk (>=1.11.1,<2.0.0)"]

[[package]]
name = "types-protobuf"
version = "5.29.1.20241207"
description = "Typing stubs for protobuf"
optional = false
python-versions = ">=3.8"
files = [
    {file = "types_protobuf-5.29.1.20241207-py3-none-any.whl", hash = "sha256:92893c42083e9b718c678badc0af7a9a1307b92afe1599e5cba5f3d35b668b2f"},
    {file = "types_protobuf-5.29.1.20241207.tar.gz", hash = "sha256:2ebcadb8ab3ef2e3e2f067e0882906d64ba0dc65fc5b0fd7a8b692315b4a0be9"},
]

[[package]]
name = "typing-extensions"
version = "4.12.2"
description = "Backported and Experimental Type Hints for Python 3.8+"
optional = false
python-versions = ">=3.8"
files = [
    {file = "typing_extensions-4.12.2-py3-none-any.whl", hash = "sha256:04e5ca0351e0f3f85c6853954072df659d0d13fac324d0072316b67d7794700d"},
    {file = "typing_extensions-4.12.2.tar.gz", hash = "sha256:1a7ead55c7e559dd4dee8856e3a88b41225abfe1ce8df57b7c13915fe121ffb8"},
]

[metadata]
lock-version = "2.0"
python-versions = "^3.12"
content-hash = "ce129e5729aab3235d065f06066e4ba79b0a952e549d3fa36987272cdbaebfd3"
